
Microsoft Visual Studio Solution File, Format Version 12.00
# Visual Studio Version 16
VisualStudioVersion = 16.0.31702.278
MinimumVisualStudioVersion = 10.0.40219.1
Project("{FAE04EC0-301F-11D3-BF4B-00C04F79EFBC}") = "WindowsService", "WindowsService\WindowsService.csproj", "{FE3F83DD-6502-457D-92E6-55202A61543B}"
EndProject
Project("{FAE04EC0-301F-11D3-BF4B-00C04F79EFBC}") = "WebApplicationReact", "WebApplicationReact\WebApplicationReact.csproj", "{760D91F8-3E7C-48A7-925F-D563223B7DCB}"
EndProject
Project("{FAE04EC0-301F-11D3-BF4B-00C04F79EFBC}") = "Service", "Service\Service.csproj", "{07FB72C3-7A67-4150-9728-A49654DE4AA3}"
EndProject
Global
	GlobalSection(SolutionConfigurationPlatforms) = preSolution
		Debug|Any CPU = Debug|Any CPU
		Release|Any CPU = Release|Any CPU
	EndGlobalSection
	GlobalSection(ProjectConfigurationPlatforms) = postSolution
		{FE3F83DD-6502-457D-92E6-55202A61543B}.Debug|Any CPU.ActiveCfg = Debug|Any CPU
		{FE3F83DD-6502-457D-92E6-55202A61543B}.Debug|Any CPU.Build.0 = Debug|Any CPU
		{FE3F83DD-6502-457D-92E6-55202A61543B}.Release|Any CPU.ActiveCfg = Release|Any CPU
		{FE3F83DD-6502-457D-92E6-55202A61543B}.Release|Any CPU.Build.0 = Release|Any CPU
		{760D91F8-3E7C-48A7-925F-D563223B7DCB}.Debug|Any CPU.ActiveCfg = Debug|Any CPU
		{760D91F8-3E7C-48A7-925F-D563223B7DCB}.Debug|Any CPU.Build.0 = Debug|Any CPU
		{760D91F8-3E7C-48A7-925F-D563223B7DCB}.Release|Any CPU.ActiveCfg = Release|Any CPU
		{760D91F8-3E7C-48A7-925F-D563223B7DCB}.Release|Any CPU.Build.0 = Release|Any CPU
		{07FB72C3-7A67-4150-9728-A49654DE4AA3}.Debug|Any CPU.ActiveCfg = Debug|Any CPU
		{07FB72C3-7A67-4150-9728-A49654DE4AA3}.Debug|Any CPU.Build.0 = Debug|Any CPU
		{07FB72C3-7A67-4150-9728-A49654DE4AA3}.Release|Any CPU.ActiveCfg = Release|Any CPU
		{07FB72C3-7A67-4150-9728-A49654DE4AA3}.Release|Any CPU.Build.0 = Release|Any CPU
	EndGlobalSection
	GlobalSection(SolutionProperties) = preSolution
		HideSolutionNode = FALSE
	EndGlobalSection
	GlobalSection(ExtensibilityGlobals) = postSolution
		SolutionGuid = {62CC45FD-5F03-4145-A88F-78A4C2CA4F81}
	EndGlobalSection
EndGlobal
